
Microsoft Visual Studio Solution File, Format Version 12.00
# Visual Studio Version 16
VisualStudioVersion = 16.0.29001.49
MinimumVisualStudioVersion = 10.0.40219.1
Project("{FAE04EC0-301F-11D3-BF4B-00C04F79EFBC}") = "BookList_Razor", "BookList_Razor\BookList_Razor.csproj", "{F7840285-4233-4BE7-9BD6-C5518966E054}"
EndProject
Global
	GlobalSection(SolutionConfigurationPlatforms) = preSolution
		Debug|Any CPU = Debug|Any CPU
		Release|Any CPU = Release|Any CPU
	EndGlobalSection
	GlobalSection(ProjectConfigurationPlatforms) = postSolution
		{F7840285-4233-4BE7-9BD6-C5518966E054}.Debug|Any CPU.ActiveCfg = Debug|Any CPU
		{F7840285-4233-4BE7-9BD6-C5518966E054}.Debug|Any CPU.Build.0 = Debug|Any CPU
		{F7840285-4233-4BE7-9BD6-C5518966E054}.Release|Any CPU.ActiveCfg = Release|Any CPU
		{F7840285-4233-4BE7-9BD6-C5518966E054}.Release|Any CPU.Build.0 = Release|Any CPU
	EndGlobalSection
	GlobalSection(SolutionProperties) = preSolution
		HideSolutionNode = FALSE
	EndGlobalSection
	GlobalSection(ExtensibilityGlobals) = postSolution
		SolutionGuid = {0AF07689-9D62-4E95-83AE-A03A4EDE8D0B}
	EndGlobalSection
EndGlobal
